
Microsoft Visual Studio Solution File, Format Version 10.00
# Visual Studio 2008
Project("{FAE04EC0-301F-11D3-BF4B-00C04F79EFBC}") = "Serialization", "Serialization\Serialization.csproj", "{3474F1C8-E877-4A31-A723-538AEBF82FAD}"
EndProject
Project("{FAE04EC0-301F-11D3-BF4B-00C04F79EFBC}") = "Serialization.Test", "Serialization.Test\Serialization.Test.csproj", "{AF60770A-1FC3-4392-8399-5FB6B34C3DA5}"
EndProject
Global
	GlobalSection(SolutionConfigurationPlatforms) = preSolution
		Debug|Any CPU = Debug|Any CPU
		Release|Any CPU = Release|Any CPU
	EndGlobalSection
	GlobalSection(ProjectConfigurationPlatforms) = postSolution
		{3474F1C8-E877-4A31-A723-538AEBF82FAD}.Debug|Any CPU.ActiveCfg = Debug|Any CPU
		{3474F1C8-E877-4A31-A723-538AEBF82FAD}.Debug|Any CPU.Build.0 = Debug|Any CPU
		{3474F1C8-E877-4A31-A723-538AEBF82FAD}.Release|Any CPU.ActiveCfg = Release|Any CPU
		{3474F1C8-E877-4A31-A723-538AEBF82FAD}.Release|Any CPU.Build.0 = Release|Any CPU
		{AF60770A-1FC3-4392-8399-5FB6B34C3DA5}.Debug|Any CPU.ActiveCfg = Debug|Any CPU
		{AF60770A-1FC3-4392-8399-5FB6B34C3DA5}.Debug|Any CPU.Build.0 = Debug|Any CPU
		{AF60770A-1FC3-4392-8399-5FB6B34C3DA5}.Release|Any CPU.ActiveCfg = Release|Any CPU
		{AF60770A-1FC3-4392-8399-5FB6B34C3DA5}.Release|Any CPU.Build.0 = Release|Any CPU
	EndGlobalSection
	GlobalSection(SolutionProperties) = preSolution
		HideSolutionNode = FALSE
	EndGlobalSection
EndGlobal
