
Microsoft Visual Studio Solution File, Format Version 9.00
# Visual Studio 2005
Project("{FAE04EC0-301F-11D3-BF4B-00C04F79EFBC}") = "StopLight", "StopLight.csproj", "{1B8B1E2F-270C-404F-B934-7F392AA7D1DE}"
EndProject
Global
	GlobalSection(SolutionConfigurationPlatforms) = preSolution
		Debug|Any CPU = Debug|Any CPU
		Release|Any CPU = Release|Any CPU
	EndGlobalSection
	GlobalSection(ProjectConfigurationPlatforms) = postSolution
		{1B8B1E2F-270C-404F-B934-7F392AA7D1DE}.Debug|Any CPU.ActiveCfg = Debug|Any CPU
		{1B8B1E2F-270C-404F-B934-7F392AA7D1DE}.Debug|Any CPU.Build.0 = Debug|Any CPU
		{1B8B1E2F-270C-404F-B934-7F392AA7D1DE}.Release|Any CPU.ActiveCfg = Release|Any CPU
		{1B8B1E2F-270C-404F-B934-7F392AA7D1DE}.Release|Any CPU.Build.0 = Release|Any CPU
	EndGlobalSection
	GlobalSection(SolutionProperties) = preSolution
		HideSolutionNode = FALSE
	EndGlobalSection
EndGlobal
