
Microsoft Visual Studio Solution File, Format Version 10.00
# Visual Studio 2008
Project("{FAE04EC0-301F-11D3-BF4B-00C04F79EFBC}") = "Aspect.DesignByContract", "Aspect.DesignByContract\Aspect.DesignByContract.csproj", "{52B74DE9-7035-4A55-9994-12A7DC435405}"
EndProject
Project("{FAE04EC0-301F-11D3-BF4B-00C04F79EFBC}") = "TestApplication", "TestApplication\TestApplication.csproj", "{52FB14DD-E30D-4E4D-8725-549CA2BBD57F}"
EndProject
Global
	GlobalSection(SolutionConfigurationPlatforms) = preSolution
		Debug|Any CPU = Debug|Any CPU
		Release|Any CPU = Release|Any CPU
	EndGlobalSection
	GlobalSection(ProjectConfigurationPlatforms) = postSolution
		{52B74DE9-7035-4A55-9994-12A7DC435405}.Debug|Any CPU.ActiveCfg = Debug|Any CPU
		{52B74DE9-7035-4A55-9994-12A7DC435405}.Debug|Any CPU.Build.0 = Debug|Any CPU
		{52B74DE9-7035-4A55-9994-12A7DC435405}.Release|Any CPU.ActiveCfg = Release|Any CPU
		{52B74DE9-7035-4A55-9994-12A7DC435405}.Release|Any CPU.Build.0 = Release|Any CPU
		{52FB14DD-E30D-4E4D-8725-549CA2BBD57F}.Debug|Any CPU.ActiveCfg = Debug|Any CPU
		{52FB14DD-E30D-4E4D-8725-549CA2BBD57F}.Debug|Any CPU.Build.0 = Debug|Any CPU
		{52FB14DD-E30D-4E4D-8725-549CA2BBD57F}.Release|Any CPU.ActiveCfg = Release|Any CPU
		{52FB14DD-E30D-4E4D-8725-549CA2BBD57F}.Release|Any CPU.Build.0 = Release|Any CPU
	EndGlobalSection
	GlobalSection(SolutionProperties) = preSolution
		HideSolutionNode = FALSE
	EndGlobalSection
EndGlobal
